
Microsoft Visual Studio Solution File, Format Version 12.00
# Visual Studio Version 17
VisualStudioVersion = 17.3.32922.545
MinimumVisualStudioVersion = 10.0.40219.1
Project("{FAE04EC0-301F-11D3-BF4B-00C04F79EFBC}") = "Movies_Alexandra_marian", "Movies_Alexandra_marian.csproj", "{6B6C4DDF-DAAF-4464-B7A5-1725749FAC1B}"
EndProject
Global
	GlobalSection(SolutionConfigurationPlatforms) = preSolution
		Debug|Any CPU = Debug|Any CPU
		Release|Any CPU = Release|Any CPU
	EndGlobalSection
	GlobalSection(ProjectConfigurationPlatforms) = postSolution
		{6B6C4DDF-DAAF-4464-B7A5-1725749FAC1B}.Debug|Any CPU.ActiveCfg = Debug|Any CPU
		{6B6C4DDF-DAAF-4464-B7A5-1725749FAC1B}.Debug|Any CPU.Build.0 = Debug|Any CPU
		{6B6C4DDF-DAAF-4464-B7A5-1725749FAC1B}.Release|Any CPU.ActiveCfg = Release|Any CPU
		{6B6C4DDF-DAAF-4464-B7A5-1725749FAC1B}.Release|Any CPU.Build.0 = Release|Any CPU
	EndGlobalSection
	GlobalSection(SolutionProperties) = preSolution
		HideSolutionNode = FALSE
	EndGlobalSection
	GlobalSection(ExtensibilityGlobals) = postSolution
		SolutionGuid = {9860D49F-AE57-44AE-A817-5780A18685AE}
	EndGlobalSection
EndGlobal
